
Microsoft Visual Studio Solution File, Format Version 12.00
# Visual Studio 15
VisualStudioVersion = 15.0.28010.2026
MinimumVisualStudioVersion = 10.0.40219.1
Project("{9A19103F-16F7-4668-BE54-9A1E7A4F7556}") = "create-local-env", "create-local-env\create-local-env.csproj", "{3A9B2714-DABC-4ED0-AE51-6EFA16173B0C}"
EndProject
Project("{9A19103F-16F7-4668-BE54-9A1E7A4F7556}") = "common", "common\common.csproj", "{C8F57A04-29E1-4AAF-9552-7DBB40D90965}"
EndProject
Project("{9A19103F-16F7-4668-BE54-9A1E7A4F7556}") = "Utils", "Utils\Utils.csproj", "{312F2B2B-DA67-466A-9BB9-CFF4A9623BA4}"
EndProject
Project("{2150E333-8FDC-42A3-9474-1A3956D46DE8}") = "new_tool", "new_tool", "{7FD0B4F7-8E03-9D93-20F0-11ECCA275B1E}"
EndProject
Project("{FAE04EC0-301F-11D3-BF4B-00C04F79EFBC}") = "PromptManager", "new_tool\PromptManager\PromptManager.csproj", "{2422A43D-A9A9-44B6-83AA-EED82670A19C}"
EndProject
Global
	GlobalSection(SolutionConfigurationPlatforms) = preSolution
		Debug|Any CPU = Debug|Any CPU
		Debug|x64 = Debug|x64
		Debug|x86 = Debug|x86
		Release|Any CPU = Release|Any CPU
		Release|x64 = Release|x64
		Release|x86 = Release|x86
	EndGlobalSection
	GlobalSection(ProjectConfigurationPlatforms) = postSolution
		{3A9B2714-DABC-4ED0-AE51-6EFA16173B0C}.Debug|Any CPU.ActiveCfg = Debug|Any CPU
		{3A9B2714-DABC-4ED0-AE51-6EFA16173B0C}.Debug|Any CPU.Build.0 = Debug|Any CPU
		{3A9B2714-DABC-4ED0-AE51-6EFA16173B0C}.Debug|x64.ActiveCfg = Debug|Any CPU
		{3A9B2714-DABC-4ED0-AE51-6EFA16173B0C}.Debug|x64.Build.0 = Debug|Any CPU
		{3A9B2714-DABC-4ED0-AE51-6EFA16173B0C}.Debug|x86.ActiveCfg = Debug|Any CPU
		{3A9B2714-DABC-4ED0-AE51-6EFA16173B0C}.Debug|x86.Build.0 = Debug|Any CPU
		{3A9B2714-DABC-4ED0-AE51-6EFA16173B0C}.Release|Any CPU.ActiveCfg = Release|Any CPU
		{3A9B2714-DABC-4ED0-AE51-6EFA16173B0C}.Release|Any CPU.Build.0 = Release|Any CPU
		{3A9B2714-DABC-4ED0-AE51-6EFA16173B0C}.Release|x64.ActiveCfg = Release|Any CPU
		{3A9B2714-DABC-4ED0-AE51-6EFA16173B0C}.Release|x64.Build.0 = Release|Any CPU
		{3A9B2714-DABC-4ED0-AE51-6EFA16173B0C}.Release|x86.ActiveCfg = Release|Any CPU
		{3A9B2714-DABC-4ED0-AE51-6EFA16173B0C}.Release|x86.Build.0 = Release|Any CPU
		{C8F57A04-29E1-4AAF-9552-7DBB40D90965}.Debug|Any CPU.ActiveCfg = Debug|Any CPU
		{C8F57A04-29E1-4AAF-9552-7DBB40D90965}.Debug|Any CPU.Build.0 = Debug|Any CPU
		{C8F57A04-29E1-4AAF-9552-7DBB40D90965}.Debug|x64.ActiveCfg = Debug|Any CPU
		{C8F57A04-29E1-4AAF-9552-7DBB40D90965}.Debug|x64.Build.0 = Debug|Any CPU
		{C8F57A04-29E1-4AAF-9552-7DBB40D90965}.Debug|x86.ActiveCfg = Debug|Any CPU
		{C8F57A04-29E1-4AAF-9552-7DBB40D90965}.Debug|x86.Build.0 = Debug|Any CPU
		{C8F57A04-29E1-4AAF-9552-7DBB40D90965}.Release|Any CPU.ActiveCfg = Release|Any CPU
		{C8F57A04-29E1-4AAF-9552-7DBB40D90965}.Release|Any CPU.Build.0 = Release|Any CPU
		{C8F57A04-29E1-4AAF-9552-7DBB40D90965}.Release|x64.ActiveCfg = Release|Any CPU
		{C8F57A04-29E1-4AAF-9552-7DBB40D90965}.Release|x64.Build.0 = Release|Any CPU
		{C8F57A04-29E1-4AAF-9552-7DBB40D90965}.Release|x86.ActiveCfg = Release|Any CPU
		{C8F57A04-29E1-4AAF-9552-7DBB40D90965}.Release|x86.Build.0 = Release|Any CPU
		{312F2B2B-DA67-466A-9BB9-CFF4A9623BA4}.Debug|Any CPU.ActiveCfg = Debug|Any CPU
		{312F2B2B-DA67-466A-9BB9-CFF4A9623BA4}.Debug|Any CPU.Build.0 = Debug|Any CPU
		{312F2B2B-DA67-466A-9BB9-CFF4A9623BA4}.Debug|x64.ActiveCfg = Debug|Any CPU
		{312F2B2B-DA67-466A-9BB9-CFF4A9623BA4}.Debug|x64.Build.0 = Debug|Any CPU
		{312F2B2B-DA67-466A-9BB9-CFF4A9623BA4}.Debug|x86.ActiveCfg = Debug|Any CPU
		{312F2B2B-DA67-466A-9BB9-CFF4A9623BA4}.Debug|x86.Build.0 = Debug|Any CPU
		{312F2B2B-DA67-466A-9BB9-CFF4A9623BA4}.Release|Any CPU.ActiveCfg = Release|Any CPU
		{312F2B2B-DA67-466A-9BB9-CFF4A9623BA4}.Release|Any CPU.Build.0 = Release|Any CPU
		{312F2B2B-DA67-466A-9BB9-CFF4A9623BA4}.Release|x64.ActiveCfg = Release|Any CPU
		{312F2B2B-DA67-466A-9BB9-CFF4A9623BA4}.Release|x64.Build.0 = Release|Any CPU
		{312F2B2B-DA67-466A-9BB9-CFF4A9623BA4}.Release|x86.ActiveCfg = Release|Any CPU
		{312F2B2B-DA67-466A-9BB9-CFF4A9623BA4}.Release|x86.Build.0 = Release|Any CPU
		{2422A43D-A9A9-44B6-83AA-EED82670A19C}.Debug|Any CPU.ActiveCfg = Debug|Any CPU
		{2422A43D-A9A9-44B6-83AA-EED82670A19C}.Debug|Any CPU.Build.0 = Debug|Any CPU
		{2422A43D-A9A9-44B6-83AA-EED82670A19C}.Debug|x64.ActiveCfg = Debug|Any CPU
		{2422A43D-A9A9-44B6-83AA-EED82670A19C}.Debug|x64.Build.0 = Debug|Any CPU
		{2422A43D-A9A9-44B6-83AA-EED82670A19C}.Debug|x86.ActiveCfg = Debug|Any CPU
		{2422A43D-A9A9-44B6-83AA-EED82670A19C}.Debug|x86.Build.0 = Debug|Any CPU
		{2422A43D-A9A9-44B6-83AA-EED82670A19C}.Release|Any CPU.ActiveCfg = Release|Any CPU
		{2422A43D-A9A9-44B6-83AA-EED82670A19C}.Release|Any CPU.Build.0 = Release|Any CPU
		{2422A43D-A9A9-44B6-83AA-EED82670A19C}.Release|x64.ActiveCfg = Release|Any CPU
		{2422A43D-A9A9-44B6-83AA-EED82670A19C}.Release|x64.Build.0 = Release|Any CPU
		{2422A43D-A9A9-44B6-83AA-EED82670A19C}.Release|x86.ActiveCfg = Release|Any CPU
		{2422A43D-A9A9-44B6-83AA-EED82670A19C}.Release|x86.Build.0 = Release|Any CPU
	EndGlobalSection
	GlobalSection(SolutionProperties) = preSolution
		HideSolutionNode = FALSE
	EndGlobalSection
	GlobalSection(NestedProjects) = preSolution
		{2422A43D-A9A9-44B6-83AA-EED82670A19C} = {7FD0B4F7-8E03-9D93-20F0-11ECCA275B1E}
	EndGlobalSection
	GlobalSection(ExtensibilityGlobals) = postSolution
		SolutionGuid = {202CBB8F-B8AD-4597-B5C4-7823638B170F}
	EndGlobalSection
EndGlobal
